// !$*UTF8*$!
{
	archiveVersion = 1;
	classes = {
	};
	objectVersion = 46;
	objects = {

/* Begin PBXBuildFile section */
		D29374A8170621B000FF0758 /* UIKit.framework in Frameworks */ = {isa = PBXBuildFile; fileRef = D29374A7170621B000FF0758 /* UIKit.framework */; };
		D29374AA170621B000FF0758 /* Foundation.framework in Frameworks */ = {isa = PBXBuildFile; fileRef = D29374A9170621B000FF0758 /* Foundation.framework */; };
		D29374AC170621B000FF0758 /* CoreGraphics.framework in Frameworks */ = {isa = PBXBuildFile; fileRef = D29374AB170621B000FF0758 /* CoreGraphics.framework */; };
		D29374B2170621B000FF0758 /* InfoPlist.strings in Resources */ = {isa = PBXBuildFile; fileRef = D29374B0170621B000FF0758 /* InfoPlist.strings */; };
		D29374B4170621B000FF0758 /* main.m in Sources */ = {isa = PBXBuildFile; fileRef = D29374B3170621B000FF0758 /* main.m */; };
		D29374B8170621B000FF0758 /* TSAppDelegate.m in Sources */ = {isa = PBXBuildFile; fileRef = D29374B7170621B000FF0758 /* TSAppDelegate.m */; };
		D29374BA170621B000FF0758 /* Default.png in Resources */ = {isa = PBXBuildFile; fileRef = D29374B9170621B000FF0758 /* Default.png */; };
		D29374BC170621B000FF0758 /* Default@2x.png in Resources */ = {isa = PBXBuildFile; fileRef = D29374BB170621B000FF0758 /* Default@2x.png */; };
		D29374BE170621B000FF0758 /* Default-568h@2x.png in Resources */ = {isa = PBXBuildFile; fileRef = D29374BD170621B000FF0758 /* Default-568h@2x.png */; };
		D29374C1170621B000FF0758 /* MainStoryboard_iPhone.storyboard in Resources */ = {isa = PBXBuildFile; fileRef = D29374BF170621B000FF0758 /* MainStoryboard_iPhone.storyboard */; };
		D29374C4170621B000FF0758 /* MainStoryboard_iPad.storyboard in Resources */ = {isa = PBXBuildFile; fileRef = D29374C2170621B000FF0758 /* MainStoryboard_iPad.storyboard */; };
		D29374C7170621B000FF0758 /* TSViewController.m in Sources */ = {isa = PBXBuildFile; fileRef = D29374C6170621B000FF0758 /* TSViewController.m */; };
		D2C12CEB17069E9C0054F500 /* Parse.framework in Frameworks */ = {isa = PBXBuildFile; fileRef = D2C12CEA17069E9C0054F500 /* Parse.framework */; };
		D2C12CED17069EB00054F500 /* AudioToolbox.framework in Frameworks */ = {isa = PBXBuildFile; fileRef = D2C12CEC17069EB00054F500 /* AudioToolbox.framework */; };
		D2C12CF617069ED40054F500 /* CFNetwork.framework in Frameworks */ = {isa = PBXBuildFile; fileRef = D2C12CEE17069ED30054F500 /* CFNetwork.framework */; };
		D2C12CF717069ED40054F500 /* CoreLocation.framework in Frameworks */ = {isa = PBXBuildFile; fileRef = D2C12CEF17069ED30054F500 /* CoreLocation.framework */; };
		D2C12CF817069ED40054F500 /* libz.1.1.3.dylib in Frameworks */ = {isa = PBXBuildFile; fileRef = D2C12CF017069ED40054F500 /* libz.1.1.3.dylib */; };
		D2C12CF917069ED40054F500 /* MobileCoreServices.framework in Frameworks */ = {isa = PBXBuildFile; fileRef = D2C12CF117069ED40054F500 /* MobileCoreServices.framework */; };
		D2C12CFA17069ED40054F500 /* QuartzCore.framework in Frameworks */ = {isa = PBXBuildFile; fileRef = D2C12CF217069ED40054F500 /* QuartzCore.framework */; };
		D2C12CFB17069ED40054F500 /* Security.framework in Frameworks */ = {isa = PBXBuildFile; fileRef = D2C12CF317069ED40054F500 /* Security.framework */; };
		D2C12CFC17069ED40054F500 /* StoreKit.framework in Frameworks */ = {isa = PBXBuildFile; fileRef = D2C12CF417069ED40054F500 /* StoreKit.framework */; };
		D2C12CFD17069ED40054F500 /* SystemConfiguration.framework in Frameworks */ = {isa = PBXBuildFile; fileRef = D2C12CF517069ED40054F500 /* SystemConfiguration.framework */; };
		D2C12CFF1706A0E10054F500 /* MapKit.framework in Frameworks */ = {isa = PBXBuildFile; fileRef = D2C12CFE1706A0E10054F500 /* MapKit.framework */; };
		D2C12D021706A7DB0054F500 /* TSCreateTourViewController.m in Sources */ = {isa = PBXBuildFile; fileRef = D2C12D011706A7DB0054F500 /* TSCreateTourViewController.m */; };
		D2C12D081706A8320054F500 /* TSTour.m in Sources */ = {isa = PBXBuildFile; fileRef = D2C12D071706A8320054F500 /* TSTour.m */; };
		D2C12D0E1706AC2A0054F500 /* TSTourLocation.m in Sources */ = {isa = PBXBuildFile; fileRef = D2C12D0D1706AC2A0054F500 /* TSTourLocation.m */; };
		D2C12D131706B0630054F500 /* TourusNavBarBG@2x.png in Resources */ = {isa = PBXBuildFile; fileRef = D2C12D121706B0630054F500 /* TourusNavBarBG@2x.png */; };
		D2C12D241706B2E00054F500 /* CLLocation+AFExtensions.m in Sources */ = {isa = PBXBuildFile; fileRef = D2C12D171706B2DF0054F500 /* CLLocation+AFExtensions.m */; };
		D2C12D251706B2E00054F500 /* CLLocationManager+AFExtensions.m in Sources */ = {isa = PBXBuildFile; fileRef = D2C12D191706B2DF0054F500 /* CLLocationManager+AFExtensions.m */; };
		D2C12D261706B2E00054F500 /* UIBarButtonItem+Custom.m in Sources */ = {isa = PBXBuildFile; fileRef = D2C12D1B1706B2DF0054F500 /* UIBarButtonItem+Custom.m */; };
		D2C12D271706B2E00054F500 /* UIColor+i7HexColor.m in Sources */ = {isa = PBXBuildFile; fileRef = D2C12D1D1706B2E00054F500 /* UIColor+i7HexColor.m */; };
		D2C12D281706B2E00054F500 /* UIImage+Color.m in Sources */ = {isa = PBXBuildFile; fileRef = D2C12D1F1706B2E00054F500 /* UIImage+Color.m */; };
		D2C12D291706B2E00054F500 /* UIView+Frame.m in Sources */ = {isa = PBXBuildFile; fileRef = D2C12D211706B2E00054F500 /* UIView+Frame.m */; };
		D2C12D2A1706B2E00054F500 /* UIViewController+Overview.m in Sources */ = {isa = PBXBuildFile; fileRef = D2C12D231706B2E00054F500 /* UIViewController+Overview.m */; };
		D2C12D2F1706B3350054F500 /* 71-compass.png in Resources */ = {isa = PBXBuildFile; fileRef = D2C12D2D1706B3350054F500 /* 71-compass.png */; };
		D2C12D301706B3350054F500 /* 71-compass@2x.png in Resources */ = {isa = PBXBuildFile; fileRef = D2C12D2E1706B3350054F500 /* 71-compass@2x.png */; };
		D2C12D331706B5B20054F500 /* 13-plus.png in Resources */ = {isa = PBXBuildFile; fileRef = D2C12D311706B5B20054F500 /* 13-plus.png */; };
		D2C12D341706B5B20054F500 /* 13-plus@2x.png in Resources */ = {isa = PBXBuildFile; fileRef = D2C12D321706B5B20054F500 /* 13-plus@2x.png */; };
		D2C12D371706B5D20054F500 /* 05-arrow-west.png in Resources */ = {isa = PBXBuildFile; fileRef = D2C12D351706B5D10054F500 /* 05-arrow-west.png */; };
		D2C12D381706B5D20054F500 /* 05-arrow-west@2x.png in Resources */ = {isa = PBXBuildFile; fileRef = D2C12D361706B5D20054F500 /* 05-arrow-west@2x.png */; };
		D2C12D3C1706B7300054F500 /* RCTextView.m in Sources */ = {isa = PBXBuildFile; fileRef = D2C12D3A1706B7300054F500 /* RCTextView.m */; };
		D2C12D3D1706B7300054F500 /* RCTextView.xib in Resources */ = {isa = PBXBuildFile; fileRef = D2C12D3B1706B7300054F500 /* RCTextView.xib */; };
		D2C12D431706B8350054F500 /* SAViewManipulator.m in Sources */ = {isa = PBXBuildFile; fileRef = D2C12D421706B8350054F500 /* SAViewManipulator.m */; };
		D2C12D461706BB240054F500 /* TPKeyboardAvoidingScrollView.m in Sources */ = {isa = PBXBuildFile; fileRef = D2C12D451706BB240054F500 /* TPKeyboardAvoidingScrollView.m */; };
/* End PBXBuildFile section */

/* Begin PBXFileReference section */
		D29374A4170621B000FF0758 /* Tourus.app */ = {isa = PBXFileReference; explicitFileType = wrapper.application; includeInIndex = 0; path = Tourus.app; sourceTree = BUILT_PRODUCTS_DIR; };
		D29374A7170621B000FF0758 /* UIKit.framework */ = {isa = PBXFileReference; lastKnownFileType = wrapper.framework; name = UIKit.framework; path = System/Library/Frameworks/UIKit.framework; sourceTree = SDKROOT; };
		D29374A9170621B000FF0758 /* Foundation.framework */ = {isa = PBXFileReference; lastKnownFileType = wrapper.framework; name = Foundation.framework; path = System/Library/Frameworks/Foundation.framework; sourceTree = SDKROOT; };
		D29374AB170621B000FF0758 /* CoreGraphics.framework */ = {isa = PBXFileReference; lastKnownFileType = wrapper.framework; name = CoreGraphics.framework; path = System/Library/Frameworks/CoreGraphics.framework; sourceTree = SDKROOT; };
		D29374AF170621B000FF0758 /* Tourus-Info.plist */ = {isa = PBXFileReference; lastKnownFileType = text.plist.xml; path = "Tourus-Info.plist"; sourceTree = "<group>"; };
		D29374B1170621B000FF0758 /* en */ = {isa = PBXFileReference; lastKnownFileType = text.plist.strings; name = en; path = en.lproj/InfoPlist.strings; sourceTree = "<group>"; };
		D29374B3170621B000FF0758 /* main.m */ = {isa = PBXFileReference; lastKnownFileType = sourcecode.c.objc; path = main.m; sourceTree = "<group>"; };
		D29374B5170621B000FF0758 /* Tourus-Prefix.pch */ = {isa = PBXFileReference; lastKnownFileType = sourcecode.c.h; path = "Tourus-Prefix.pch"; sourceTree = "<group>"; };
		D29374B6170621B000FF0758 /* TSAppDelegate.h */ = {isa = PBXFileReference; lastKnownFileType = sourcecode.c.h; path = TSAppDelegate.h; sourceTree = "<group>"; };
		D29374B7170621B000FF0758 /* TSAppDelegate.m */ = {isa = PBXFileReference; lastKnownFileType = sourcecode.c.objc; path = TSAppDelegate.m; sourceTree = "<group>"; };
		D29374B9170621B000FF0758 /* Default.png */ = {isa = PBXFileReference; lastKnownFileType = image.png; path = Default.png; sourceTree = "<group>"; };
		D29374BB170621B000FF0758 /* Default@2x.png */ = {isa = PBXFileReference; lastKnownFileType = image.png; path = "Default@2x.png"; sourceTree = "<group>"; };
		D29374BD170621B000FF0758 /* Default-568h@2x.png */ = {isa = PBXFileReference; lastKnownFileType = image.png; path = "Default-568h@2x.png"; sourceTree = "<group>"; };
		D29374C0170621B000FF0758 /* en */ = {isa = PBXFileReference; lastKnownFileType = file.storyboard; name = en; path = en.lproj/MainStoryboard_iPhone.storyboard; sourceTree = "<group>"; };
		D29374C3170621B000FF0758 /* en */ = {isa = PBXFileReference; lastKnownFileType = file.storyboard; name = en; path = en.lproj/MainStoryboard_iPad.storyboard; sourceTree = "<group>"; };
		D29374C5170621B000FF0758 /* TSViewController.h */ = {isa = PBXFileReference; lastKnownFileType = sourcecode.c.h; path = TSViewController.h; sourceTree = "<group>"; };
		D29374C6170621B000FF0758 /* TSViewController.m */ = {isa = PBXFileReference; lastKnownFileType = sourcecode.c.objc; path = TSViewController.m; sourceTree = "<group>"; };
		D2C12CEA17069E9C0054F500 /* Parse.framework */ = {isa = PBXFileReference; lastKnownFileType = wrapper.framework; path = Parse.framework; sourceTree = "<group>"; };
		D2C12CEC17069EB00054F500 /* AudioToolbox.framework */ = {isa = PBXFileReference; lastKnownFileType = wrapper.framework; name = AudioToolbox.framework; path = System/Library/Frameworks/AudioToolbox.framework; sourceTree = SDKROOT; };
		D2C12CEE17069ED30054F500 /* CFNetwork.framework */ = {isa = PBXFileReference; lastKnownFileType = wrapper.framework; name = CFNetwork.framework; path = System/Library/Frameworks/CFNetwork.framework; sourceTree = SDKROOT; };
		D2C12CEF17069ED30054F500 /* CoreLocation.framework */ = {isa = PBXFileReference; lastKnownFileType = wrapper.framework; name = CoreLocation.framework; path = System/Library/Frameworks/CoreLocation.framework; sourceTree = SDKROOT; };
		D2C12CF017069ED40054F500 /* libz.1.1.3.dylib */ = {isa = PBXFileReference; lastKnownFileType = "compiled.mach-o.dylib"; name = libz.1.1.3.dylib; path = usr/lib/libz.1.1.3.dylib; sourceTree = SDKROOT; };
		D2C12CF117069ED40054F500 /* MobileCoreServices.framework */ = {isa = PBXFileReference; lastKnownFileType = wrapper.framework; name = MobileCoreServices.framework; path = System/Library/Frameworks/MobileCoreServices.framework; sourceTree = SDKROOT; };
		D2C12CF217069ED40054F500 /* QuartzCore.framework */ = {isa = PBXFileReference; lastKnownFileType = wrapper.framework; name = QuartzCore.framework; path = System/Library/Frameworks/QuartzCore.framework; sourceTree = SDKROOT; };
		D2C12CF317069ED40054F500 /* Security.framework */ = {isa = PBXFileReference; lastKnownFileType = wrapper.framework; name = Security.framework; path = System/Library/Frameworks/Security.framework; sourceTree = SDKROOT; };
		D2C12CF417069ED40054F500 /* StoreKit.framework */ = {isa = PBXFileReference; lastKnownFileType = wrapper.framework; name = StoreKit.framework; path = System/Library/Frameworks/StoreKit.framework; sourceTree = SDKROOT; };
		D2C12CF517069ED40054F500 /* SystemConfiguration.framework */ = {isa = PBXFileReference; lastKnownFileType = wrapper.framework; name = SystemConfiguration.framework; path = System/Library/Frameworks/SystemConfiguration.framework; sourceTree = SDKROOT; };
		D2C12CFE1706A0E10054F500 /* MapKit.framework */ = {isa = PBXFileReference; lastKnownFileType = wrapper.framework; name = MapKit.framework; path = System/Library/Frameworks/MapKit.framework; sourceTree = SDKROOT; };
		D2C12D001706A7DB0054F500 /* TSCreateTourViewController.h */ = {isa = PBXFileReference; fileEncoding = 4; lastKnownFileType = sourcecode.c.h; path = TSCreateTourViewController.h; sourceTree = "<group>"; };
		D2C12D011706A7DB0054F500 /* TSCreateTourViewController.m */ = {isa = PBXFileReference; fileEncoding = 4; lastKnownFileType = sourcecode.c.objc; path = TSCreateTourViewController.m; sourceTree = "<group>"; };
		D2C12D061706A8320054F500 /* TSTour.h */ = {isa = PBXFileReference; fileEncoding = 4; lastKnownFileType = sourcecode.c.h; name = TSTour.h; path = ../TSTour.h; sourceTree = "<group>"; };
		D2C12D071706A8320054F500 /* TSTour.m */ = {isa = PBXFileReference; fileEncoding = 4; lastKnownFileType = sourcecode.c.objc; name = TSTour.m; path = ../TSTour.m; sourceTree = "<group>"; };
		D2C12D0C1706AC2A0054F500 /* TSTourLocation.h */ = {isa = PBXFileReference; fileEncoding = 4; lastKnownFileType = sourcecode.c.h; path = TSTourLocation.h; sourceTree = "<group>"; };
		D2C12D0D1706AC2A0054F500 /* TSTourLocation.m */ = {isa = PBXFileReference; fileEncoding = 4; lastKnownFileType = sourcecode.c.objc; path = TSTourLocation.m; sourceTree = "<group>"; };
		D2C12D121706B0630054F500 /* TourusNavBarBG@2x.png */ = {isa = PBXFileReference; lastKnownFileType = image.png; path = "TourusNavBarBG@2x.png"; sourceTree = "<group>"; };
		D2C12D161706B2DF0054F500 /* CLLocation+AFExtensions.h */ = {isa = PBXFileReference; fileEncoding = 4; lastKnownFileType = sourcecode.c.h; path = "CLLocation+AFExtensions.h"; sourceTree = "<group>"; };
		D2C12D171706B2DF0054F500 /* CLLocation+AFExtensions.m */ = {isa = PBXFileReference; fileEncoding = 4; lastKnownFileType = sourcecode.c.objc; path = "CLLocation+AFExtensions.m"; sourceTree = "<group>"; };
		D2C12D181706B2DF0054F500 /* CLLocationManager+AFExtensions.h */ = {isa = PBXFileReference; fileEncoding = 4; lastKnownFileType = sourcecode.c.h; path = "CLLocationManager+AFExtensions.h"; sourceTree = "<group>"; };
		D2C12D191706B2DF0054F500 /* CLLocationManager+AFExtensions.m */ = {isa = PBXFileReference; fileEncoding = 4; lastKnownFileType = sourcecode.c.objc; path = "CLLocationManager+AFExtensions.m"; sourceTree = "<group>"; };
		D2C12D1A1706B2DF0054F500 /* UIBarButtonItem+Custom.h */ = {isa = PBXFileReference; fileEncoding = 4; lastKnownFileType = sourcecode.c.h; path = "UIBarButtonItem+Custom.h"; sourceTree = "<group>"; };
		D2C12D1B1706B2DF0054F500 /* UIBarButtonItem+Custom.m */ = {isa = PBXFileReference; fileEncoding = 4; lastKnownFileType = sourcecode.c.objc; path = "UIBarButtonItem+Custom.m"; sourceTree = "<group>"; };
		D2C12D1C1706B2E00054F500 /* UIColor+i7HexColor.h */ = {isa = PBXFileReference; fileEncoding = 4; lastKnownFileType = sourcecode.c.h; path = "UIColor+i7HexColor.h"; sourceTree = "<group>"; };
		D2C12D1D1706B2E00054F500 /* UIColor+i7HexColor.m */ = {isa = PBXFileReference; fileEncoding = 4; lastKnownFileType = sourcecode.c.objc; path = "UIColor+i7HexColor.m"; sourceTree = "<group>"; };
		D2C12D1E1706B2E00054F500 /* UIImage+Color.h */ = {isa = PBXFileReference; fileEncoding = 4; lastKnownFileType = sourcecode.c.h; path = "UIImage+Color.h"; sourceTree = "<group>"; };
		D2C12D1F1706B2E00054F500 /* UIImage+Color.m */ = {isa = PBXFileReference; fileEncoding = 4; lastKnownFileType = sourcecode.c.objc; path = "UIImage+Color.m"; sourceTree = "<group>"; };
		D2C12D201706B2E00054F500 /* UIView+Frame.h */ = {isa = PBXFileReference; fileEncoding = 4; lastKnownFileType = sourcecode.c.h; path = "UIView+Frame.h"; sourceTree = "<group>"; };
		D2C12D211706B2E00054F500 /* UIView+Frame.m */ = {isa = PBXFileReference; fileEncoding = 4; lastKnownFileType = sourcecode.c.objc; path = "UIView+Frame.m"; sourceTree = "<group>"; };
		D2C12D221706B2E00054F500 /* UIViewController+Overview.h */ = {isa = PBXFileReference; fileEncoding = 4; lastKnownFileType = sourcecode.c.h; path = "UIViewController+Overview.h"; sourceTree = "<group>"; };
		D2C12D231706B2E00054F500 /* UIViewController+Overview.m */ = {isa = PBXFileReference; fileEncoding = 4; lastKnownFileType = sourcecode.c.objc; path = "UIViewController+Overview.m"; sourceTree = "<group>"; };
		D2C12D2D1706B3350054F500 /* 71-compass.png */ = {isa = PBXFileReference; lastKnownFileType = image.png; path = "71-compass.png"; sourceTree = "<group>"; };
		D2C12D2E1706B3350054F500 /* 71-compass@2x.png */ = {isa = PBXFileReference; lastKnownFileType = image.png; path = "71-compass@2x.png"; sourceTree = "<group>"; };
		D2C12D311706B5B20054F500 /* 13-plus.png */ = {isa = PBXFileReference; lastKnownFileType = image.png; path = "13-plus.png"; sourceTree = "<group>"; };
		D2C12D321706B5B20054F500 /* 13-plus@2x.png */ = {isa = PBXFileReference; lastKnownFileType = image.png; path = "13-plus@2x.png"; sourceTree = "<group>"; };
		D2C12D351706B5D10054F500 /* 05-arrow-west.png */ = {isa = PBXFileReference; lastKnownFileType = image.png; path = "05-arrow-west.png"; sourceTree = "<group>"; };
		D2C12D361706B5D20054F500 /* 05-arrow-west@2x.png */ = {isa = PBXFileReference; lastKnownFileType = image.png; path = "05-arrow-west@2x.png"; sourceTree = "<group>"; };
		D2C12D391706B7300054F500 /* RCTextView.h */ = {isa = PBXFileReference; fileEncoding = 4; lastKnownFileType = sourcecode.c.h; path = RCTextView.h; sourceTree = "<group>"; };
		D2C12D3A1706B7300054F500 /* RCTextView.m */ = {isa = PBXFileReference; fileEncoding = 4; lastKnownFileType = sourcecode.c.objc; path = RCTextView.m; sourceTree = "<group>"; };
		D2C12D3B1706B7300054F500 /* RCTextView.xib */ = {isa = PBXFileReference; fileEncoding = 4; lastKnownFileType = file.xib; path = RCTextView.xib; sourceTree = "<group>"; };
		D2C12D411706B8350054F500 /* SAViewManipulator.h */ = {isa = PBXFileReference; fileEncoding = 4; lastKnownFileType = sourcecode.c.h; path = SAViewManipulator.h; sourceTree = "<group>"; };
		D2C12D421706B8350054F500 /* SAViewManipulator.m */ = {isa = PBXFileReference; fileEncoding = 4; lastKnownFileType = sourcecode.c.objc; path = SAViewManipulator.m; sourceTree = "<group>"; };
		D2C12D441706BB240054F500 /* TPKeyboardAvoidingScrollView.h */ = {isa = PBXFileReference; fileEncoding = 4; lastKnownFileType = sourcecode.c.h; path = TPKeyboardAvoidingScrollView.h; sourceTree = "<group>"; };
		D2C12D451706BB240054F500 /* TPKeyboardAvoidingScrollView.m */ = {isa = PBXFileReference; fileEncoding = 4; lastKnownFileType = sourcecode.c.objc; path = TPKeyboardAvoidingScrollView.m; sourceTree = "<group>"; };
/* End PBXFileReference section */

/* Begin PBXFrameworksBuildPhase section */
		D29374A1170621B000FF0758 /* Frameworks */ = {
			isa = PBXFrameworksBuildPhase;
			buildActionMask = 2147483647;
			files = (
				D2C12CF717069ED40054F500 /* CoreLocation.framework in Frameworks */,
				D2C12CFF1706A0E10054F500 /* MapKit.framework in Frameworks */,
				D2C12CF617069ED40054F500 /* CFNetwork.framework in Frameworks */,
				D2C12CF817069ED40054F500 /* libz.1.1.3.dylib in Frameworks */,
				D2C12CF917069ED40054F500 /* MobileCoreServices.framework in Frameworks */,
				D2C12CFA17069ED40054F500 /* QuartzCore.framework in Frameworks */,
				D2C12CFB17069ED40054F500 /* Security.framework in Frameworks */,
				D2C12CFC17069ED40054F500 /* StoreKit.framework in Frameworks */,
				D2C12CFD17069ED40054F500 /* SystemConfiguration.framework in Frameworks */,
				D29374AC170621B000FF0758 /* CoreGraphics.framework in Frameworks */,
				D2C12CED17069EB00054F500 /* AudioToolbox.framework in Frameworks */,
				D29374A8170621B000FF0758 /* UIKit.framework in Frameworks */,
				D29374AA170621B000FF0758 /* Foundation.framework in Frameworks */,
				D2C12CEB17069E9C0054F500 /* Parse.framework in Frameworks */,
			);
			runOnlyForDeploymentPostprocessing = 0;
		};
/* End PBXFrameworksBuildPhase section */

/* Begin PBXGroup section */
		D293749B170621B000FF0758 = {
			isa = PBXGroup;
			children = (
				D29374AD170621B000FF0758 /* Tourus */,
				D29374A6170621B000FF0758 /* Frameworks */,
				D29374A5170621B000FF0758 /* Products */,
			);
			sourceTree = "<group>";
		};
		D29374A5170621B000FF0758 /* Products */ = {
			isa = PBXGroup;
			children = (
				D29374A4170621B000FF0758 /* Tourus.app */,
			);
			name = Products;
			sourceTree = "<group>";
		};
		D29374A6170621B000FF0758 /* Frameworks */ = {
			isa = PBXGroup;
			children = (
				D2C12CFE1706A0E10054F500 /* MapKit.framework */,
				D2C12CEE17069ED30054F500 /* CFNetwork.framework */,
				D2C12CEF17069ED30054F500 /* CoreLocation.framework */,
				D2C12CF017069ED40054F500 /* libz.1.1.3.dylib */,
				D2C12CF117069ED40054F500 /* MobileCoreServices.framework */,
				D2C12CF217069ED40054F500 /* QuartzCore.framework */,
				D2C12CF317069ED40054F500 /* Security.framework */,
				D2C12CF417069ED40054F500 /* StoreKit.framework */,
				D2C12CF517069ED40054F500 /* SystemConfiguration.framework */,
				D2C12CEC17069EB00054F500 /* AudioToolbox.framework */,
				D2C12CEA17069E9C0054F500 /* Parse.framework */,
				D29374A7170621B000FF0758 /* UIKit.framework */,
				D29374A9170621B000FF0758 /* Foundation.framework */,
				D29374AB170621B000FF0758 /* CoreGraphics.framework */,
			);
			name = Frameworks;
			sourceTree = "<group>";
		};
		D29374AD170621B000FF0758 /* Tourus */ = {
			isa = PBXGroup;
			children = (
				D2C12D041706A7FC0054F500 /* TSAppDelegate */,
				D2C12D2C1706B2EF0054F500 /* Utilities */,
				D2C12D0A1706A8460054F500 /* Model */,
				D2C12D401706B7500054F500 /* View */,
				D2C12D0B1706A84D0054F500 /* Controller */,
				D2C12D3F1706B7460054F500 /* User Interface */,
				D29374AE170621B000FF0758 /* Supporting Files */,
			);
			path = Tourus;
			sourceTree = "<group>";
		};
		D29374AE170621B000FF0758 /* Supporting Files */ = {
			isa = PBXGroup;
			children = (
				D29374AF170621B000FF0758 /* Tourus-Info.plist */,
				D29374B0170621B000FF0758 /* InfoPlist.strings */,
				D29374B3170621B000FF0758 /* main.m */,
				D29374B5170621B000FF0758 /* Tourus-Prefix.pch */,
				D29374B9170621B000FF0758 /* Default.png */,
				D29374BB170621B000FF0758 /* Default@2x.png */,
				D29374BD170621B000FF0758 /* Default-568h@2x.png */,
			);
			name = "Supporting Files";
			sourceTree = "<group>";
		};
		D2C12D031706A7F40054F500 /* TSViewController */ = {
			isa = PBXGroup;
			children = (
				D29374C5170621B000FF0758 /* TSViewController.h */,
				D29374C6170621B000FF0758 /* TSViewController.m */,
			);
			name = TSViewController;
			sourceTree = "<group>";
		};
		D2C12D041706A7FC0054F500 /* TSAppDelegate */ = {
			isa = PBXGroup;
			children = (
				D29374B6170621B000FF0758 /* TSAppDelegate.h */,
				D29374B7170621B000FF0758 /* TSAppDelegate.m */,
			);
			name = TSAppDelegate;
			sourceTree = "<group>";
		};
		D2C12D051706A8060054F500 /* TSCreateTourViewController */ = {
			isa = PBXGroup;
			children = (
				D2C12D001706A7DB0054F500 /* TSCreateTourViewController.h */,
				D2C12D011706A7DB0054F500 /* TSCreateTourViewController.m */,
			);
			name = TSCreateTourViewController;
			sourceTree = "<group>";
		};
		D2C12D091706A8400054F500 /* TSTour */ = {
			isa = PBXGroup;
			children = (
				D2C12D061706A8320054F500 /* TSTour.h */,
				D2C12D071706A8320054F500 /* TSTour.m */,
			);
			name = TSTour;
			sourceTree = "<group>";
		};
		D2C12D0A1706A8460054F500 /* Model */ = {
			isa = PBXGroup;
			children = (
				D2C12D0F1706AC370054F500 /* TSTourLocation */,
				D2C12D091706A8400054F500 /* TSTour */,
			);
			name = Model;
			sourceTree = "<group>";
		};
		D2C12D0B1706A84D0054F500 /* Controller */ = {
			isa = PBXGroup;
			children = (
				D2C12D031706A7F40054F500 /* TSViewController */,
				D2C12D051706A8060054F500 /* TSCreateTourViewController */,
			);
			name = Controller;
			sourceTree = "<group>";
		};
		D2C12D0F1706AC370054F500 /* TSTourLocation */ = {
			isa = PBXGroup;
			children = (
				D2C12D0C1706AC2A0054F500 /* TSTourLocation.h */,
				D2C12D0D1706AC2A0054F500 /* TSTourLocation.m */,
			);
			name = TSTourLocation;
			sourceTree = "<group>";
		};
		D2C12D141706B0660054F500 /* Nav Bar */ = {
			isa = PBXGroup;
			children = (
				D2C12D351706B5D10054F500 /* 05-arrow-west.png */,
				D2C12D361706B5D20054F500 /* 05-arrow-west@2x.png */,
				D2C12D311706B5B20054F500 /* 13-plus.png */,
				D2C12D321706B5B20054F500 /* 13-plus@2x.png */,
				D2C12D2D1706B3350054F500 /* 71-compass.png */,
				D2C12D2E1706B3350054F500 /* 71-compass@2x.png */,
				D2C12D121706B0630054F500 /* TourusNavBarBG@2x.png */,
			);
			name = "Nav Bar";
			sourceTree = "<group>";
		};
		D2C12D151706B06E0054F500 /* Images */ = {
			isa = PBXGroup;
			children = (
				D2C12D141706B0660054F500 /* Nav Bar */,
			);
			name = Images;
			sourceTree = "<group>";
		};
		D2C12D2B1706B2E60054F500 /* Categories */ = {
			isa = PBXGroup;
			children = (
				D2C12D161706B2DF0054F500 /* CLLocation+AFExtensions.h */,
				D2C12D171706B2DF0054F500 /* CLLocation+AFExtensions.m */,
				D2C12D181706B2DF0054F500 /* CLLocationManager+AFExtensions.h */,
				D2C12D191706B2DF0054F500 /* CLLocationManager+AFExtensions.m */,
				D2C12D1A1706B2DF0054F500 /* UIBarButtonItem+Custom.h */,
				D2C12D1B1706B2DF0054F500 /* UIBarButtonItem+Custom.m */,
				D2C12D1C1706B2E00054F500 /* UIColor+i7HexColor.h */,
				D2C12D1D1706B2E00054F500 /* UIColor+i7HexColor.m */,
				D2C12D1E1706B2E00054F500 /* UIImage+Color.h */,
				D2C12D1F1706B2E00054F500 /* UIImage+Color.m */,
				D2C12D201706B2E00054F500 /* UIView+Frame.h */,
				D2C12D211706B2E00054F500 /* UIView+Frame.m */,
				D2C12D221706B2E00054F500 /* UIViewController+Overview.h */,
				D2C12D231706B2E00054F500 /* UIViewController+Overview.m */,
			);
			name = Categories;
			sourceTree = "<group>";
		};
		D2C12D2C1706B2EF0054F500 /* Utilities */ = {
			isa = PBXGroup;
			children = (
				D2C12D411706B8350054F500 /* SAViewManipulator.h */,
				D2C12D421706B8350054F500 /* SAViewManipulator.m */,
				D2C12D2B1706B2E60054F500 /* Categories */,
			);
			name = Utilities;
			sourceTree = "<group>";
		};
		D2C12D3E1706B7350054F500 /* RCTextView */ = {
			isa = PBXGroup;
			children = (
				D2C12D391706B7300054F500 /* RCTextView.h */,
				D2C12D3A1706B7300054F500 /* RCTextView.m */,
				D2C12D3B1706B7300054F500 /* RCTextView.xib */,
			);
			name = RCTextView;
			sourceTree = "<group>";
		};
		D2C12D3F1706B7460054F500 /* User Interface */ = {
			isa = PBXGroup;
			children = (
				D29374BF170621B000FF0758 /* MainStoryboard_iPhone.storyboard */,
				D29374C2170621B000FF0758 /* MainStoryboard_iPad.storyboard */,
				D2C12D151706B06E0054F500 /* Images */,
			);
			name = "User Interface";
			sourceTree = "<group>";
		};
		D2C12D401706B7500054F500 /* View */ = {
			isa = PBXGroup;
			children = (
				D2C12D441706BB240054F500 /* TPKeyboardAvoidingScrollView.h */,
				D2C12D451706BB240054F500 /* TPKeyboardAvoidingScrollView.m */,
				D2C12D3E1706B7350054F500 /* RCTextView */,
			);
			name = View;
			sourceTree = "<group>";
		};
/* End PBXGroup section */

/* Begin PBXNativeTarget section */
		D29374A3170621B000FF0758 /* Tourus */ = {
			isa = PBXNativeTarget;
			buildConfigurationList = D29374CA170621B000FF0758 /* Build configuration list for PBXNativeTarget "Tourus" */;
			buildPhases = (
				D29374A0170621B000FF0758 /* Sources */,
				D29374A1170621B000FF0758 /* Frameworks */,
				D29374A2170621B000FF0758 /* Resources */,
			);
			buildRules = (
			);
			dependencies = (
			);
			name = Tourus;
			productName = Tourus;
			productReference = D29374A4170621B000FF0758 /* Tourus.app */;
			productType = "com.apple.product-type.application";
		};
/* End PBXNativeTarget section */

/* Begin PBXProject section */
		D293749C170621B000FF0758 /* Project object */ = {
			isa = PBXProject;
			attributes = {
				CLASSPREFIX = TS;
				LastUpgradeCheck = 0460;
				ORGANIZATIONNAME = "Tapatory, LLC";
			};
			buildConfigurationList = D293749F170621B000FF0758 /* Build configuration list for PBXProject "Tourus" */;
			compatibilityVersion = "Xcode 3.2";
			developmentRegion = English;
			hasScannedForEncodings = 0;
			knownRegions = (
				en,
			);
			mainGroup = D293749B170621B000FF0758;
			productRefGroup = D29374A5170621B000FF0758 /* Products */;
			projectDirPath = "";
			projectRoot = "";
			targets = (
				D29374A3170621B000FF0758 /* Tourus */,
			);
		};
/* End PBXProject section */

/* Begin PBXResourcesBuildPhase section */
		D29374A2170621B000FF0758 /* Resources */ = {
			isa = PBXResourcesBuildPhase;
			buildActionMask = 2147483647;
			files = (
				D29374B2170621B000FF0758 /* InfoPlist.strings in Resources */,
				D29374BA170621B000FF0758 /* Default.png in Resources */,
				D29374BC170621B000FF0758 /* Default@2x.png in Resources */,
				D29374BE170621B000FF0758 /* Default-568h@2x.png in Resources */,
				D29374C1170621B000FF0758 /* MainStoryboard_iPhone.storyboard in Resources */,
				D29374C4170621B000FF0758 /* MainStoryboard_iPad.storyboard in Resources */,
				D2C12D131706B0630054F500 /* TourusNavBarBG@2x.png in Resources */,
				D2C12D2F1706B3350054F500 /* 71-compass.png in Resources */,
				D2C12D301706B3350054F500 /* 71-compass@2x.png in Resources */,
				D2C12D331706B5B20054F500 /* 13-plus.png in Resources */,
				D2C12D341706B5B20054F500 /* 13-plus@2x.png in Resources */,
				D2C12D371706B5D20054F500 /* 05-arrow-west.png in Resources */,
				D2C12D381706B5D20054F500 /* 05-arrow-west@2x.png in Resources */,
				D2C12D3D1706B7300054F500 /* RCTextView.xib in Resources */,
			);
			runOnlyForDeploymentPostprocessing = 0;
		};
/* End PBXResourcesBuildPhase section */

/* Begin PBXSourcesBuildPhase section */
		D29374A0170621B000FF0758 /* Sources */ = {
			isa = PBXSourcesBuildPhase;
			buildActionMask = 2147483647;
			files = (
				D29374B4170621B000FF0758 /* main.m in Sources */,
				D29374B8170621B000FF0758 /* TSAppDelegate.m in Sources */,
				D29374C7170621B000FF0758 /* TSViewController.m in Sources */,
				D2C12D021706A7DB0054F500 /* TSCreateTourViewController.m in Sources */,
				D2C12D081706A8320054F500 /* TSTour.m in Sources */,
				D2C12D0E1706AC2A0054F500 /* TSTourLocation.m in Sources */,
				D2C12D241706B2E00054F500 /* CLLocation+AFExtensions.m in Sources */,
				D2C12D251706B2E00054F500 /* CLLocationManager+AFExtensions.m in Sources */,
				D2C12D261706B2E00054F500 /* UIBarButtonItem+Custom.m in Sources */,
				D2C12D271706B2E00054F500 /* UIColor+i7HexColor.m in Sources */,
				D2C12D281706B2E00054F500 /* UIImage+Color.m in Sources */,
				D2C12D291706B2E00054F500 /* UIView+Frame.m in Sources */,
				D2C12D2A1706B2E00054F500 /* UIViewController+Overview.m in Sources */,
				D2C12D3C1706B7300054F500 /* RCTextView.m in Sources */,
				D2C12D431706B8350054F500 /* SAViewManipulator.m in Sources */,
				D2C12D461706BB240054F500 /* TPKeyboardAvoidingScrollView.m in Sources */,
			);
			runOnlyForDeploymentPostprocessing = 0;
		};
/* End PBXSourcesBuildPhase section */

/* Begin PBXVariantGroup section */
		D29374B0170621B000FF0758 /* InfoPlist.strings */ = {
			isa = PBXVariantGroup;
			children = (
				D29374B1170621B000FF0758 /* en */,
			);
			name = InfoPlist.strings;
			sourceTree = "<group>";
		};
		D29374BF170621B000FF0758 /* MainStoryboard_iPhone.storyboard */ = {
			isa = PBXVariantGroup;
			children = (
				D29374C0170621B000FF0758 /* en */,
			);
			name = MainStoryboard_iPhone.storyboard;
			sourceTree = "<group>";
		};
		D29374C2170621B000FF0758 /* MainStoryboard_iPad.storyboard */ = {
			isa = PBXVariantGroup;
			children = (
				D29374C3170621B000FF0758 /* en */,
			);
			name = MainStoryboard_iPad.storyboard;
			sourceTree = "<group>";
		};
/* End PBXVariantGroup section */

/* Begin XCBuildConfiguration section */
		D29374C8170621B000FF0758 /* Debug */ = {
			isa = XCBuildConfiguration;
			buildSettings = {
				ALWAYS_SEARCH_USER_PATHS = NO;
				CLANG_CXX_LANGUAGE_STANDARD = "gnu++0x";
				CLANG_CXX_LIBRARY = "libc++";
				CLANG_ENABLE_OBJC_ARC = YES;
				CLANG_WARN_CONSTANT_CONVERSION = YES;
				CLANG_WARN_EMPTY_BODY = YES;
				CLANG_WARN_ENUM_CONVERSION = YES;
				CLANG_WARN_INT_CONVERSION = YES;
				CLANG_WARN__DUPLICATE_METHOD_MATCH = YES;
				"CODE_SIGN_IDENTITY[sdk=iphoneos*]" = "iPhone Developer";
				COPY_PHASE_STRIP = NO;
				GCC_C_LANGUAGE_STANDARD = gnu99;
				GCC_DYNAMIC_NO_PIC = NO;
				GCC_OPTIMIZATION_LEVEL = 0;
				GCC_PREPROCESSOR_DEFINITIONS = (
					"DEBUG=1",
					"$(inherited)",
				);
				GCC_SYMBOLS_PRIVATE_EXTERN = NO;
				GCC_WARN_ABOUT_RETURN_TYPE = YES;
				GCC_WARN_UNINITIALIZED_AUTOS = YES;
				GCC_WARN_UNUSED_VARIABLE = YES;
				IPHONEOS_DEPLOYMENT_TARGET = 6.1;
				ONLY_ACTIVE_ARCH = YES;
				SDKROOT = iphoneos;
				TARGETED_DEVICE_FAMILY = "1,2";
			};
			name = Debug;
		};
		D29374C9170621B000FF0758 /* Release */ = {
			isa = XCBuildConfiguration;
			buildSettings = {
				ALWAYS_SEARCH_USER_PATHS = NO;
				CLANG_CXX_LANGUAGE_STANDARD = "gnu++0x";
				CLANG_CXX_LIBRARY = "libc++";
				CLANG_ENABLE_OBJC_ARC = YES;
				CLANG_WARN_CONSTANT_CONVERSION = YES;
				CLANG_WARN_EMPTY_BODY = YES;
				CLANG_WARN_ENUM_CONVERSION = YES;
				CLANG_WARN_INT_CONVERSION = YES;
				CLANG_WARN__DUPLICATE_METHOD_MATCH = YES;
				"CODE_SIGN_IDENTITY[sdk=iphoneos*]" = "iPhone Developer";
				COPY_PHASE_STRIP = YES;
				GCC_C_LANGUAGE_STANDARD = gnu99;
				GCC_WARN_ABOUT_RETURN_TYPE = YES;
				GCC_WARN_UNINITIALIZED_AUTOS = YES;
				GCC_WARN_UNUSED_VARIABLE = YES;
				IPHONEOS_DEPLOYMENT_TARGET = 6.1;
				OTHER_CFLAGS = "-DNS_BLOCK_ASSERTIONS=1";
				SDKROOT = iphoneos;
				TARGETED_DEVICE_FAMILY = "1,2";
				VALIDATE_PRODUCT = YES;
			};
			name = Release;
		};
		D29374CB170621B000FF0758 /* Debug */ = {
			isa = XCBuildConfiguration;
			buildSettings = {
				FRAMEWORK_SEARCH_PATHS = (
					"$(inherited)",
					"\"$(SRCROOT)\"",
				);
				GCC_PRECOMPILE_PREFIX_HEADER = YES;
				GCC_PREFIX_HEADER = "Tourus/Tourus-Prefix.pch";
				INFOPLIST_FILE = "Tourus/Tourus-Info.plist";
				PRODUCT_NAME = "$(TARGET_NAME)";
				WRAPPER_EXTENSION = app;
			};
			name = Debug;
		};
		D29374CC170621B000FF0758 /* Release */ = {
			isa = XCBuildConfiguration;
			buildSettings = {
				FRAMEWORK_SEARCH_PATHS = (
					"$(inherited)",
					"\"$(SRCROOT)\"",
				);
				GCC_PRECOMPILE_PREFIX_HEADER = YES;
				GCC_PREFIX_HEADER = "Tourus/Tourus-Prefix.pch";
				INFOPLIST_FILE = "Tourus/Tourus-Info.plist";
				PRODUCT_NAME = "$(TARGET_NAME)";
				WRAPPER_EXTENSION = app;
			};
			name = Release;
		};
/* End XCBuildConfiguration section */

/* Begin XCConfigurationList section */
		D293749F170621B000FF0758 /* Build configuration list for PBXProject "Tourus" */ = {
			isa = XCConfigurationList;
			buildConfigurations = (
				D29374C8170621B000FF0758 /* Debug */,
				D29374C9170621B000FF0758 /* Release */,
			);
			defaultConfigurationIsVisible = 0;
			defaultConfigurationName = Release;
		};
		D29374CA170621B000FF0758 /* Build configuration list for PBXNativeTarget "Tourus" */ = {
			isa = XCConfigurationList;
			buildConfigurations = (
				D29374CB170621B000FF0758 /* Debug */,
				D29374CC170621B000FF0758 /* Release */,
			);
			defaultConfigurationIsVisible = 0;
			defaultConfigurationName = Release;
		};
/* End XCConfigurationList section */
	};
	rootObject = D293749C170621B000FF0758 /* Project object */;
}
